
Microsoft Visual Studio Solution File, Format Version 12.00
# Visual Studio Version 17
VisualStudioVersion = 17.3.32825.248
MinimumVisualStudioVersion = 10.0.40219.1
Project("{9A19103F-16F7-4668-BE54-9A1E7A4F7556}") = "AlphaX.FluentSQL", "AlphaX.FluentSQL\AlphaX.FluentSQL.csproj", "{F824CC81-FC7E-4170-97D9-915050C2F402}"
EndProject
Project("{FAE04EC0-301F-11D3-BF4B-00C04F79EFBC}") = "AlphaX.FluentSQL.Tests", "AlphaX.FluentSQL.Tests\AlphaX.FluentSQL.Tests.csproj", "{DBAB72B4-B15B-4E16-A796-1C6685DD728C}"
EndProject
Global
	GlobalSection(SolutionConfigurationPlatforms) = preSolution
		Debug|Any CPU = Debug|Any CPU
		Release|Any CPU = Release|Any CPU
	EndGlobalSection
	GlobalSection(ProjectConfigurationPlatforms) = postSolution
		{F824CC81-FC7E-4170-97D9-915050C2F402}.Debug|Any CPU.ActiveCfg = Debug|Any CPU
		{F824CC81-FC7E-4170-97D9-915050C2F402}.Debug|Any CPU.Build.0 = Debug|Any CPU
		{F824CC81-FC7E-4170-97D9-915050C2F402}.Release|Any CPU.ActiveCfg = Release|Any CPU
		{F824CC81-FC7E-4170-97D9-915050C2F402}.Release|Any CPU.Build.0 = Release|Any CPU
		{DBAB72B4-B15B-4E16-A796-1C6685DD728C}.Debug|Any CPU.ActiveCfg = Debug|Any CPU
		{DBAB72B4-B15B-4E16-A796-1C6685DD728C}.Debug|Any CPU.Build.0 = Debug|Any CPU
		{DBAB72B4-B15B-4E16-A796-1C6685DD728C}.Release|Any CPU.ActiveCfg = Release|Any CPU
		{DBAB72B4-B15B-4E16-A796-1C6685DD728C}.Release|Any CPU.Build.0 = Release|Any CPU
	EndGlobalSection
	GlobalSection(SolutionProperties) = preSolution
		HideSolutionNode = FALSE
	EndGlobalSection
	GlobalSection(ExtensibilityGlobals) = postSolution
		SolutionGuid = {005D6C9A-25B7-4DDC-901D-104255ED48C7}
	EndGlobalSection
EndGlobal
